{
  "lockfile_version": "1",
  "packages": {
    "github:NixOS/nixpkgs/nixpkgs-unstable": {
      "last_modified": "2026-08-12T11:28:58Z",
      "resolved": "github:NixOS/nixpkgs/044bfe75bfe4c7bbe043dc17b5e42ea823b84a09?lastModified=1786534138"
    },
    "go@1.20.14": {
      "last_modified": "2024-03-08T13:51:52Z",
      "resolved": "github:NixOS/nixpkgs/a343533bccc62400e8a9560423486a3b6c11a23b#go_1_20",
      "source": "devbox-search",
      "version": "1.20.14",
      "systems": {
        "aarch64-darwin": {
          "outputs": [
            {
              "name": "out",
              "path": "/nix/store/xkwl1ycwwnq6b1ga5lxkqhjxlpd7f2sj-go-1.20.14",
              "default": true
            }
          ],
          "store_path": "/nix/store/xkwl1ycwwnq6b1ga5lxkqhjxlpd7f2sj-go-1.20.14"
        },
        "aarch64-linux": {
          "outputs": [
            {
              "name": "out",
              "path": "/nix/store/5i47jls8m0vjf141x3b3pz2i6q1si54w-go-1.20.14",
              "default": true
            }
          ],
          "store_path": "/nix/store/5i47jls8m0vjf141x3b3pz2i6q1si54w-go-1.20.14"
        },
        "x86_64-darwin": {
          "outputs": [
            {
              "name": "out",
              "path": "/nix/store/n2lj7bl7sg5viva3vxpkgi3mq8jbiyb5-go-1.20.14",
              "default": true
            }
          ],
          "store_path": "/nix/store/n2lj7bl7sg5viva3vxpkgi3mq8jbiyb5-go-1.20.14"
        },
        "x86_64-linux": {
          "outputs": [
            {
              "name": "out",
              "path": "/nix/store/850gdv8mcrh5bckigj16hzm6kmas5g92-go-1.20.14",
              "default": true
            }
          ],
          "store_path": "/nix/store/850gdv8mcrh5bckigj16hzm6kmas5g92-go-1.20.14"
        }
      }
    },
    "golangci-lint@1.64.8": {
      "last_modified": "2025-03-23T14:04:58Z",
      "resolved": "github:NixOS/nixpkgs/f3a2a0601e9669a6e38af25b46ce6c4563bcb6da#golangci-lint",
      "source": "devbox-search",
      "version": "1.64.8",
      "systems": {
        "aarch64-darwin": {
          "outputs": [
            {
              "name": "out",
              "path": "/nix/store/8142ildg0bp11j0ssdc77il5rxv25sm8-golangci-lint-1.64.8",
              "default": true
            }
          ],
          "store_path": "/nix/store/8142ildg0bp11j0ssdc77il5rxv25sm8-golangci-lint-1.64.8"
        },
        "aarch64-linux": {
          "outputs": [
            {
              "name": "out",
              "path": "/nix/store/pl31v3jjbrf8l0ll7xg40dw3s2xgxbaa-golangci-lint-1.64.8",
              "default": true
            }
          ],
          "store_path": "/nix/store/pl31v3jjbrf8l0ll7xg40dw3s2xgxbaa-golangci-lint-1.64.8"
        },
        "x86_64-darwin": {
          "outputs": [
            {
              "name": "out",
              "path": "/nix/store/0lz3b95c0y9mh95dl0jyiyn76fjxq3yf-golangci-lint-1.64.8",
              "default": true
            }
          ],
          "store_path": "/nix/store/0lz3b95c0y9mh95dl0jyiyn76fjxq3yf-golangci-lint-1.64.8"
        },
        "x86_64-linux": {
          "outputs": [
            {
              "name": "out",
              "path": "/nix/store/9xz2x85fpbblk2mpwj54azimxx4cvkb1-golangci-lint-1.64.8",
              "default": true
            }
          ],
          "store_path": "/nix/store/9xz2x85fpbblk2mpwj54azimxx4cvkb1-golangci-lint-1.64.8"
        }
      }
    }
  }
}
