{
  "lockfile_version": "1",
  "packages": {
    "github:NixOS/nixpkgs/nixpkgs-unstable": {
      "last_modified": "2026-08-12T11:28:58Z",
      "resolved": "github:NixOS/nixpkgs/044bfe75bfe4c7bbe043dc17b5e42ea823b84a09?lastModified=1786534138"
    },
    "go@1.20.14": {
      "last_modified": "2024-03-08T13:51:52Z",
      "resolved": "github:NixOS/nixpkgs/a343533bccc62400e8a9560423486a3b6c11a23b#go_1_20",
      "source": "devbox-search",
      "version": "1.20.14",
      "systems": {
        "aarch64-darwin": {
          "outputs": [
            {
              "name": "out",
              "path": "/nix/store/xkwl1ycwwnq6b1ga5lxkqhjxlpd7f2sj-go-1.20.14",
              "default": true
            }
          ],
          "store_path": "/nix/store/xkwl1ycwwnq6b1ga5lxkqhjxlpd7f2sj-go-1.20.14"
        },
        "aarch64-linux": {
          "outputs": [
            {
              "name": "out",
              "path": "/nix/store/5i47jls8m0vjf141x3b3pz2i6q1si54w-go-1.20.14",
              "default": true
            }
          ],
          "store_path": "/nix/store/5i47jls8m0vjf141x3b3pz2i6q1si54w-go-1.20.14"
        },
        "x86_64-darwin": {
          "outputs": [
            {
              "name": "out",
              "path": "/nix/store/n2lj7bl7sg5viva3vxpkgi3mq8jbiyb5-go-1.20.14",
              "default": true
            }
          ],
          "store_path": "/nix/store/n2lj7bl7sg5viva3vxpkgi3mq8jbiyb5-go-1.20.14"
        },
        "x86_64-linux": {
          "outputs": [
            {
              "name": "out",
              "path": "/nix/store/850gdv8mcrh5bckigj16hzm6kmas5g92-go-1.20.14",
              "default": true
            }
          ],
          "store_path": "/nix/store/850gdv8mcrh5bckigj16hzm6kmas5g92-go-1.20.14"
        }
      }
    },
    "golangci-lint@1.62.2": {
      "last_modified": "2024-12-23T21:10:33Z",
      "resolved": "github:NixOS/nixpkgs/de1864217bfa9b5845f465e771e0ecb48b30e02d#golangci-lint",
      "source": "devbox-search",
      "version": "1.62.2",
      "systems": {
        "aarch64-darwin": {
          "outputs": [
            {
              "name": "out",
              "path": "/nix/store/5liapbkl2xs5kww2wvs2yv8grhcaswwl-golangci-lint-1.62.2",
              "default": true
            }
          ],
          "store_path": "/nix/store/5liapbkl2xs5kww2wvs2yv8grhcaswwl-golangci-lint-1.62.2"
        },
        "aarch64-linux": {
          "outputs": [
            {
              "name": "out",
              "path": "/nix/store/87ihwdp39vxi97q0bfv8isw2p1pyz257-golangci-lint-1.62.2",
              "default": true
            }
          ],
          "store_path": "/nix/store/87ihwdp39vxi97q0bfv8isw2p1pyz257-golangci-lint-1.62.2"
        },
        "x86_64-darwin": {
          "outputs": [
            {
              "name": "out",
              "path": "/nix/store/73jfn21by312v2jawvmb9rkjhls28ry7-golangci-lint-1.62.2",
              "default": true
            }
          ],
          "store_path": "/nix/store/73jfn21by312v2jawvmb9rkjhls28ry7-golangci-lint-1.62.2"
        },
        "x86_64-linux": {
          "outputs": [
            {
              "name": "out",
              "path": "/nix/store/rzvlg3gzv8cgr4qpvsxx1q8pmgdl9j95-golangci-lint-1.62.2",
              "default": true
            }
          ],
          "store_path": "/nix/store/rzvlg3gzv8cgr4qpvsxx1q8pmgdl9j95-golangci-lint-1.62.2"
        }
      }
    }
  }
}
