{
  "lockfile_version": "1",
  "packages": {
    "github:NixOS/nixpkgs/nixpkgs-unstable": {
      "last_modified": "2026-08-12T11:28:58Z",
      "resolved": "github:NixOS/nixpkgs/044bfe75bfe4c7bbe043dc17b5e42ea823b84a09?lastModified=1786534138"
    },
    "go@1.27.0": {
      "last_modified": "2026-08-27T07:16:00Z",
      "resolved": "github:NixOS/nixpkgs/c27cdad491a991b11ed731760aa2ef8db0cb0410#go_1_27",
      "source": "devbox-search",
      "version": "1.27.0",
      "systems": {
        "aarch64-darwin": {
          "outputs": [
            {
              "name": "out",
              "path": "/nix/store/lz3qw52rpazqga73xgsqlj4qz1lgs4hg-go-1.27.0",
              "default": true
            }
          ],
          "store_path": "/nix/store/lz3qw52rpazqga73xgsqlj4qz1lgs4hg-go-1.27.0"
        },
        "aarch64-linux": {
          "outputs": [
            {
              "name": "out",
              "path": "/nix/store/zqjvg5805xkf6zsd8nrdvgbv58yw2phr-go-1.27.0",
              "default": true
            }
          ],
          "store_path": "/nix/store/zqjvg5805xkf6zsd8nrdvgbv58yw2phr-go-1.27.0"
        },
        "x86_64-linux": {
          "outputs": [
            {
              "name": "out",
              "path": "/nix/store/fibbp1k5gcpaxcin4dzk70yd056rfjhg-go-1.27.0",
              "default": true
            }
          ],
          "store_path": "/nix/store/fibbp1k5gcpaxcin4dzk70yd056rfjhg-go-1.27.0"
        }
      }
    },
    "golangci-lint@1.64.8": {
      "last_modified": "2025-03-23T14:04:58Z",
      "resolved": "github:NixOS/nixpkgs/f3a2a0601e9669a6e38af25b46ce6c4563bcb6da#golangci-lint",
      "source": "devbox-search",
      "version": "1.64.8",
      "systems": {
        "aarch64-darwin": {
          "outputs": [
            {
              "name": "out",
              "path": "/nix/store/8142ildg0bp11j0ssdc77il5rxv25sm8-golangci-lint-1.64.8",
              "default": true
            }
          ],
          "store_path": "/nix/store/8142ildg0bp11j0ssdc77il5rxv25sm8-golangci-lint-1.64.8"
        },
        "aarch64-linux": {
          "outputs": [
            {
              "name": "out",
              "path": "/nix/store/pl31v3jjbrf8l0ll7xg40dw3s2xgxbaa-golangci-lint-1.64.8",
              "default": true
            }
          ],
          "store_path": "/nix/store/pl31v3jjbrf8l0ll7xg40dw3s2xgxbaa-golangci-lint-1.64.8"
        },
        "x86_64-darwin": {
          "outputs": [
            {
              "name": "out",
              "path": "/nix/store/0lz3b95c0y9mh95dl0jyiyn76fjxq3yf-golangci-lint-1.64.8",
              "default": true
            }
          ],
          "store_path": "/nix/store/0lz3b95c0y9mh95dl0jyiyn76fjxq3yf-golangci-lint-1.64.8"
        },
        "x86_64-linux": {
          "outputs": [
            {
              "name": "out",
              "path": "/nix/store/9xz2x85fpbblk2mpwj54azimxx4cvkb1-golangci-lint-1.64.8",
              "default": true
            }
          ],
          "store_path": "/nix/store/9xz2x85fpbblk2mpwj54azimxx4cvkb1-golangci-lint-1.64.8"
        }
      }
    }
  }
}
